
Microsoft Visual Studio Solution File, Format Version 12.00
# Visual Studio Version 17
VisualStudioVersion = 17.13.35806.99
MinimumVisualStudioVersion = 10.0.40219.1
Project("{FAE04EC0-301F-11D3-BF4B-00C04F79EFBC}") = "jbcmms", "jbcmms\jbcmms.csproj", "{3083F0B3-A6B8-4BAB-AA49-3808E7141073}"
EndProject
Project("{FAE04EC0-301F-11D3-BF4B-00C04F79EFBC}") = "Contracts", "Contracts\Contracts.csproj", "{726C4A83-57C9-4D21-84E1-DB176714D739}"
EndProject
Project("{FAE04EC0-301F-11D3-BF4B-00C04F79EFBC}") = "LoggerService", "LoggerService\LoggerService.csproj", "{56ECAAE0-995E-48D7-A59F-DD28C1133924}"
EndProject
Project("{FAE04EC0-301F-11D3-BF4B-00C04F79EFBC}") = "Entities", "Entities\Entities.csproj", "{C4F05233-051F-443E-88C3-62AC50825195}"
EndProject
Project("{FAE04EC0-301F-11D3-BF4B-00C04F79EFBC}") = "Repository", "Repository\Repository.csproj", "{729755FD-F753-4A11-B433-EF20E4E04C6F}"
EndProject
Project("{FAE04EC0-301F-11D3-BF4B-00C04F79EFBC}") = "Service", "Service\Service.csproj", "{ECE638E6-AD6E-4C64-8166-6433292AED5D}"
EndProject
Project("{FAE04EC0-301F-11D3-BF4B-00C04F79EFBC}") = "Service.Contracts", "Service.Contracts\Service.Contracts.csproj", "{5929074B-A75A-4228-BAD7-CCFFFF49F22F}"
EndProject
Project("{FAE04EC0-301F-11D3-BF4B-00C04F79EFBC}") = "Presentation", "Presentation\Presentation.csproj", "{A038FD07-1228-4658-8FED-F924DFD2BBB8}"
EndProject
Project("{FAE04EC0-301F-11D3-BF4B-00C04F79EFBC}") = "Shared", "Shared\Shared.csproj", "{AF719880-936F-416D-BCA8-31F7EAFA11A5}"
EndProject
Global
	GlobalSection(SolutionConfigurationPlatforms) = preSolution
		Debug|Any CPU = Debug|Any CPU
		Release|Any CPU = Release|Any CPU
	EndGlobalSection
	GlobalSection(ProjectConfigurationPlatforms) = postSolution
		{3083F0B3-A6B8-4BAB-AA49-3808E7141073}.Debug|Any CPU.ActiveCfg = Debug|Any CPU
		{3083F0B3-A6B8-4BAB-AA49-3808E7141073}.Debug|Any CPU.Build.0 = Debug|Any CPU
		{3083F0B3-A6B8-4BAB-AA49-3808E7141073}.Release|Any CPU.ActiveCfg = Release|Any CPU
		{3083F0B3-A6B8-4BAB-AA49-3808E7141073}.Release|Any CPU.Build.0 = Release|Any CPU
		{726C4A83-57C9-4D21-84E1-DB176714D739}.Debug|Any CPU.ActiveCfg = Debug|Any CPU
		{726C4A83-57C9-4D21-84E1-DB176714D739}.Debug|Any CPU.Build.0 = Debug|Any CPU
		{726C4A83-57C9-4D21-84E1-DB176714D739}.Release|Any CPU.ActiveCfg = Release|Any CPU
		{726C4A83-57C9-4D21-84E1-DB176714D739}.Release|Any CPU.Build.0 = Release|Any CPU
		{56ECAAE0-995E-48D7-A59F-DD28C1133924}.Debug|Any CPU.ActiveCfg = Debug|Any CPU
		{56ECAAE0-995E-48D7-A59F-DD28C1133924}.Debug|Any CPU.Build.0 = Debug|Any CPU
		{56ECAAE0-995E-48D7-A59F-DD28C1133924}.Release|Any CPU.ActiveCfg = Release|Any CPU
		{56ECAAE0-995E-48D7-A59F-DD28C1133924}.Release|Any CPU.Build.0 = Release|Any CPU
		{C4F05233-051F-443E-88C3-62AC50825195}.Debug|Any CPU.ActiveCfg = Debug|Any CPU
		{C4F05233-051F-443E-88C3-62AC50825195}.Debug|Any CPU.Build.0 = Debug|Any CPU
		{C4F05233-051F-443E-88C3-62AC50825195}.Release|Any CPU.ActiveCfg = Release|Any CPU
		{C4F05233-051F-443E-88C3-62AC50825195}.Release|Any CPU.Build.0 = Release|Any CPU
		{729755FD-F753-4A11-B433-EF20E4E04C6F}.Debug|Any CPU.ActiveCfg = Debug|Any CPU
		{729755FD-F753-4A11-B433-EF20E4E04C6F}.Debug|Any CPU.Build.0 = Debug|Any CPU
		{729755FD-F753-4A11-B433-EF20E4E04C6F}.Release|Any CPU.ActiveCfg = Release|Any CPU
		{729755FD-F753-4A11-B433-EF20E4E04C6F}.Release|Any CPU.Build.0 = Release|Any CPU
		{ECE638E6-AD6E-4C64-8166-6433292AED5D}.Debug|Any CPU.ActiveCfg = Debug|Any CPU
		{ECE638E6-AD6E-4C64-8166-6433292AED5D}.Debug|Any CPU.Build.0 = Debug|Any CPU
		{ECE638E6-AD6E-4C64-8166-6433292AED5D}.Release|Any CPU.ActiveCfg = Release|Any CPU
		{ECE638E6-AD6E-4C64-8166-6433292AED5D}.Release|Any CPU.Build.0 = Release|Any CPU
		{5929074B-A75A-4228-BAD7-CCFFFF49F22F}.Debug|Any CPU.ActiveCfg = Debug|Any CPU
		{5929074B-A75A-4228-BAD7-CCFFFF49F22F}.Debug|Any CPU.Build.0 = Debug|Any CPU
		{5929074B-A75A-4228-BAD7-CCFFFF49F22F}.Release|Any CPU.ActiveCfg = Release|Any CPU
		{5929074B-A75A-4228-BAD7-CCFFFF49F22F}.Release|Any CPU.Build.0 = Release|Any CPU
		{A038FD07-1228-4658-8FED-F924DFD2BBB8}.Debug|Any CPU.ActiveCfg = Debug|Any CPU
		{A038FD07-1228-4658-8FED-F924DFD2BBB8}.Debug|Any CPU.Build.0 = Debug|Any CPU
		{A038FD07-1228-4658-8FED-F924DFD2BBB8}.Release|Any CPU.ActiveCfg = Release|Any CPU
		{A038FD07-1228-4658-8FED-F924DFD2BBB8}.Release|Any CPU.Build.0 = Release|Any CPU
		{AF719880-936F-416D-BCA8-31F7EAFA11A5}.Debug|Any CPU.ActiveCfg = Debug|Any CPU
		{AF719880-936F-416D-BCA8-31F7EAFA11A5}.Debug|Any CPU.Build.0 = Debug|Any CPU
		{AF719880-936F-416D-BCA8-31F7EAFA11A5}.Release|Any CPU.ActiveCfg = Release|Any CPU
		{AF719880-936F-416D-BCA8-31F7EAFA11A5}.Release|Any CPU.Build.0 = Release|Any CPU
	EndGlobalSection
	GlobalSection(SolutionProperties) = preSolution
		HideSolutionNode = FALSE
	EndGlobalSection
	GlobalSection(ExtensibilityGlobals) = postSolution
		SolutionGuid = {09D5E7A1-EF96-45BF-8025-2B438A99CA7B}
	EndGlobalSection
EndGlobal
